
Microsoft Visual Studio Solution File, Format Version 12.00
# Visual Studio Version 16
VisualStudioVersion = 16.0.31702.278
MinimumVisualStudioVersion = 10.0.40219.1
Project("{FAE04EC0-301F-11D3-BF4B-00C04F79EFBC}") = "Tsk14", "Tsk14\Tsk14.csproj", "{811903C1-6BEB-460E-997A-16BDEEA3A81E}"
EndProject
Global
	GlobalSection(SolutionConfigurationPlatforms) = preSolution
		Debug|Any CPU = Debug|Any CPU
		Release|Any CPU = Release|Any CPU
	EndGlobalSection
	GlobalSection(ProjectConfigurationPlatforms) = postSolution
		{811903C1-6BEB-460E-997A-16BDEEA3A81E}.Debug|Any CPU.ActiveCfg = Debug|Any CPU
		{811903C1-6BEB-460E-997A-16BDEEA3A81E}.Debug|Any CPU.Build.0 = Debug|Any CPU
		{811903C1-6BEB-460E-997A-16BDEEA3A81E}.Release|Any CPU.ActiveCfg = Release|Any CPU
		{811903C1-6BEB-460E-997A-16BDEEA3A81E}.Release|Any CPU.Build.0 = Release|Any CPU
	EndGlobalSection
	GlobalSection(SolutionProperties) = preSolution
		HideSolutionNode = FALSE
	EndGlobalSection
	GlobalSection(ExtensibilityGlobals) = postSolution
		SolutionGuid = {495ACFAF-8DCF-4100-B41D-28604940E5E4}
	EndGlobalSection
EndGlobal
